
Microsoft Visual Studio Solution File, Format Version 12.00
# Visual Studio Version 17
VisualStudioVersion = 17.1.32328.378
MinimumVisualStudioVersion = 10.0.40219.1
Project("{FAE04EC0-301F-11D3-BF4B-00C04F79EFBC}") = "DOTNET6.Api", "DOTNET6.Api\DOTNET6.Api.csproj", "{50882907-D350-458E-A24A-AA975DF3AD5D}"
EndProject
Project("{FAE04EC0-301F-11D3-BF4B-00C04F79EFBC}") = "DOTNET6.Tests", "DOTNET6.Tests\DOTNET6.Tests.csproj", "{C09DCC16-FFDE-4887-99B7-A1B29455CAC4}"
EndProject
Global
	GlobalSection(SolutionConfigurationPlatforms) = preSolution
		Debug|Any CPU = Debug|Any CPU
		Release|Any CPU = Release|Any CPU
	EndGlobalSection
	GlobalSection(ProjectConfigurationPlatforms) = postSolution
		{50882907-D350-458E-A24A-AA975DF3AD5D}.Debug|Any CPU.ActiveCfg = Debug|Any CPU
		{50882907-D350-458E-A24A-AA975DF3AD5D}.Debug|Any CPU.Build.0 = Debug|Any CPU
		{50882907-D350-458E-A24A-AA975DF3AD5D}.Release|Any CPU.ActiveCfg = Release|Any CPU
		{50882907-D350-458E-A24A-AA975DF3AD5D}.Release|Any CPU.Build.0 = Release|Any CPU
		{C09DCC16-FFDE-4887-99B7-A1B29455CAC4}.Debug|Any CPU.ActiveCfg = Debug|Any CPU
		{C09DCC16-FFDE-4887-99B7-A1B29455CAC4}.Debug|Any CPU.Build.0 = Debug|Any CPU
		{C09DCC16-FFDE-4887-99B7-A1B29455CAC4}.Release|Any CPU.ActiveCfg = Release|Any CPU
		{C09DCC16-FFDE-4887-99B7-A1B29455CAC4}.Release|Any CPU.Build.0 = Release|Any CPU
	EndGlobalSection
	GlobalSection(SolutionProperties) = preSolution
		HideSolutionNode = FALSE
	EndGlobalSection
	GlobalSection(ExtensibilityGlobals) = postSolution
		SolutionGuid = {02312DFD-2DA4-4105-AEE1-A44D8E956E77}
	EndGlobalSection
EndGlobal
